// !$*UTF8*$!
{
	archiveVersion = 1;
	classes = {
	};
	objectVersion = 56;
	objects = {

/* Begin PBXBuildFile section */
		0A1427132C8516A300D48E47 /* DatePickerField.swift in Sources */ = {isa = PBXBuildFile; fileRef = 0A1427122C8516A300D48E47 /* DatePickerField.swift */; };
		0A1427152C85779600D48E47 /* NewRewardView.swift in Sources */ = {isa = PBXBuildFile; fileRef = 0A1427142C85779500D48E47 /* NewRewardView.swift */; };
		0A1427172C8634C700D48E47 /* RewardRowView.swift in Sources */ = {isa = PBXBuildFile; fileRef = 0A1427162C8634C700D48E47 /* RewardRowView.swift */; };
		0A1427CF2C8A530200D48E47 /* Theme.swift in Sources */ = {isa = PBXBuildFile; fileRef = 0A1427CE2C8A530200D48E47 /* Theme.swift */; };
		0A1427D12C8A542D00D48E47 /* ColorView.swift in Sources */ = {isa = PBXBuildFile; fileRef = 0A1427D02C8A542D00D48E47 /* ColorView.swift */; };
		0A1427D32C8A65DB00D48E47 /* ColorPickerView.swift in Sources */ = {isa = PBXBuildFile; fileRef = 0A1427D22C8A65DA00D48E47 /* ColorPickerView.swift */; };
		0A58FF7F2C94EB6600A0295B /* Launch Screen.storyboard in Resources */ = {isa = PBXBuildFile; fileRef = 0A58FF7E2C94EB6600A0295B /* Launch Screen.storyboard */; };
		0A7DF8212C8D36330003F5F5 /* CategoryEditView.swift in Sources */ = {isa = PBXBuildFile; fileRef = 0A7DF8202C8D36330003F5F5 /* CategoryEditView.swift */; };
		0A7DF8232C8E7F130003F5F5 /* AddCategorySheet.swift in Sources */ = {isa = PBXBuildFile; fileRef = 0A7DF8222C8E7F130003F5F5 /* AddCategorySheet.swift */; };
		0AEBE5782C7FFA0B0051DE14 /* SwipeSmartApp.swift in Sources */ = {isa = PBXBuildFile; fileRef = 0AEBE5772C7FFA0B0051DE14 /* SwipeSmartApp.swift */; };
		0AEBE57C2C7FFA0D0051DE14 /* Assets.xcassets in Resources */ = {isa = PBXBuildFile; fileRef = 0AEBE57B2C7FFA0D0051DE14 /* Assets.xcassets */; };
		0AEBE57F2C7FFA0D0051DE14 /* Preview Assets.xcassets in Resources */ = {isa = PBXBuildFile; fileRef = 0AEBE57E2C7FFA0D0051DE14 /* Preview Assets.xcassets */; };
		0AEBE58D2C7FFBBF0051DE14 /* ErrorWrapper.swift in Sources */ = {isa = PBXBuildFile; fileRef = 0AEBE5872C7FFBBF0051DE14 /* ErrorWrapper.swift */; };
		0AEBE58E2C7FFBBF0051DE14 /* CardStore.swift in Sources */ = {isa = PBXBuildFile; fileRef = 0AEBE5882C7FFBBF0051DE14 /* CardStore.swift */; };
		0AEBE58F2C7FFBBF0051DE14 /* CategoryStore.swift in Sources */ = {isa = PBXBuildFile; fileRef = 0AEBE5892C7FFBBF0051DE14 /* CategoryStore.swift */; };
		0AEBE5902C7FFBBF0051DE14 /* Category.swift in Sources */ = {isa = PBXBuildFile; fileRef = 0AEBE58A2C7FFBBF0051DE14 /* Category.swift */; };
		0AEBE5912C7FFBBF0051DE14 /* CreditCard.swift in Sources */ = {isa = PBXBuildFile; fileRef = 0AEBE58B2C7FFBBF0051DE14 /* CreditCard.swift */; };
		0AEBE5AA2C7FFBD10051DE14 /* CategorySelectorView.swift in Sources */ = {isa = PBXBuildFile; fileRef = 0AEBE5942C7FFBD00051DE14 /* CategorySelectorView.swift */; };
		0AEBE5AB2C7FFBD10051DE14 /* CategoryView.swift in Sources */ = {isa = PBXBuildFile; fileRef = 0AEBE5952C7FFBD00051DE14 /* CategoryView.swift */; };
		0AEBE5AC2C7FFBD10051DE14 /* RewardsCardView.swift in Sources */ = {isa = PBXBuildFile; fileRef = 0AEBE5962C7FFBD00051DE14 /* RewardsCardView.swift */; };
		0AEBE5AD2C7FFBD10051DE14 /* RewardsView.swift in Sources */ = {isa = PBXBuildFile; fileRef = 0AEBE5972C7FFBD00051DE14 /* RewardsView.swift */; };
		0AEBE5AE2C7FFBD10051DE14 /* MainView.swift in Sources */ = {isa = PBXBuildFile; fileRef = 0AEBE5992C7FFBD00051DE14 /* MainView.swift */; };
		0AEBE5B02C7FFBD10051DE14 /* ErrorView.swift in Sources */ = {isa = PBXBuildFile; fileRef = 0AEBE59B2C7FFBD10051DE14 /* ErrorView.swift */; };
		0AEBE5B72C7FFBD10051DE14 /* CardView.swift in Sources */ = {isa = PBXBuildFile; fileRef = 0AEBE5A22C7FFBD10051DE14 /* CardView.swift */; };
		0AEBE5B82C7FFBD10051DE14 /* DetailEditView.swift in Sources */ = {isa = PBXBuildFile; fileRef = 0AEBE5A32C7FFBD10051DE14 /* DetailEditView.swift */; };
		0AEBE5B92C7FFBD10051DE14 /* DetailView.swift in Sources */ = {isa = PBXBuildFile; fileRef = 0AEBE5A42C7FFBD10051DE14 /* DetailView.swift */; };
		0AEBE5BA2C7FFBD10051DE14 /* NewCreditCard.swift in Sources */ = {isa = PBXBuildFile; fileRef = 0AEBE5A52C7FFBD10051DE14 /* NewCreditCard.swift */; };
		0AEBE5BB2C7FFBD10051DE14 /* WalletView.swift in Sources */ = {isa = PBXBuildFile; fileRef = 0AEBE5A62C7FFBD10051DE14 /* WalletView.swift */; };
/* End PBXBuildFile section */

/* Begin PBXFileReference section */
		0A1427122C8516A300D48E47 /* DatePickerField.swift */ = {isa = PBXFileReference; lastKnownFileType = sourcecode.swift; path = DatePickerField.swift; sourceTree = "<group>"; };
		0A1427142C85779500D48E47 /* NewRewardView.swift */ = {isa = PBXFileReference; lastKnownFileType = sourcecode.swift; path = NewRewardView.swift; sourceTree = "<group>"; };
		0A1427162C8634C700D48E47 /* RewardRowView.swift */ = {isa = PBXFileReference; lastKnownFileType = sourcecode.swift; path = RewardRowView.swift; sourceTree = "<group>"; };
		0A1427CE2C8A530200D48E47 /* Theme.swift */ = {isa = PBXFileReference; lastKnownFileType = sourcecode.swift; path = Theme.swift; sourceTree = "<group>"; };
		0A1427D02C8A542D00D48E47 /* ColorView.swift */ = {isa = PBXFileReference; lastKnownFileType = sourcecode.swift; path = ColorView.swift; sourceTree = "<group>"; };
		0A1427D22C8A65DA00D48E47 /* ColorPickerView.swift */ = {isa = PBXFileReference; lastKnownFileType = sourcecode.swift; path = ColorPickerView.swift; sourceTree = "<group>"; };
		0A58FF7E2C94EB6600A0295B /* Launch Screen.storyboard */ = {isa = PBXFileReference; lastKnownFileType = file.storyboard; path = "Launch Screen.storyboard"; sourceTree = "<group>"; };
		0A7DF8202C8D36330003F5F5 /* CategoryEditView.swift */ = {isa = PBXFileReference; lastKnownFileType = sourcecode.swift; path = CategoryEditView.swift; sourceTree = "<group>"; };
		0A7DF8222C8E7F130003F5F5 /* AddCategorySheet.swift */ = {isa = PBXFileReference; lastKnownFileType = sourcecode.swift; path = AddCategorySheet.swift; sourceTree = "<group>"; };
		0AEBE5742C7FFA0B0051DE14 /* SwipeSmart.app */ = {isa = PBXFileReference; explicitFileType = wrapper.application; includeInIndex = 0; path = SwipeSmart.app; sourceTree = BUILT_PRODUCTS_DIR; };
		0AEBE5772C7FFA0B0051DE14 /* SwipeSmartApp.swift */ = {isa = PBXFileReference; lastKnownFileType = sourcecode.swift; path = SwipeSmartApp.swift; sourceTree = "<group>"; };
		0AEBE57B2C7FFA0D0051DE14 /* Assets.xcassets */ = {isa = PBXFileReference; lastKnownFileType = folder.assetcatalog; path = Assets.xcassets; sourceTree = "<group>"; };
		0AEBE57E2C7FFA0D0051DE14 /* Preview Assets.xcassets */ = {isa = PBXFileReference; lastKnownFileType = folder.assetcatalog; path = "Preview Assets.xcassets"; sourceTree = "<group>"; };
		0AEBE5872C7FFBBF0051DE14 /* ErrorWrapper.swift */ = {isa = PBXFileReference; fileEncoding = 4; lastKnownFileType = sourcecode.swift; path = ErrorWrapper.swift; sourceTree = "<group>"; };
		0AEBE5882C7FFBBF0051DE14 /* CardStore.swift */ = {isa = PBXFileReference; fileEncoding = 4; lastKnownFileType = sourcecode.swift; path = CardStore.swift; sourceTree = "<group>"; };
		0AEBE5892C7FFBBF0051DE14 /* CategoryStore.swift */ = {isa = PBXFileReference; fileEncoding = 4; lastKnownFileType = sourcecode.swift; path = CategoryStore.swift; sourceTree = "<group>"; };
		0AEBE58A2C7FFBBF0051DE14 /* Category.swift */ = {isa = PBXFileReference; fileEncoding = 4; lastKnownFileType = sourcecode.swift; path = Category.swift; sourceTree = "<group>"; };
		0AEBE58B2C7FFBBF0051DE14 /* CreditCard.swift */ = {isa = PBXFileReference; fileEncoding = 4; lastKnownFileType = sourcecode.swift; path = CreditCard.swift; sourceTree = "<group>"; };
		0AEBE5942C7FFBD00051DE14 /* CategorySelectorView.swift */ = {isa = PBXFileReference; fileEncoding = 4; lastKnownFileType = sourcecode.swift; path = CategorySelectorView.swift; sourceTree = "<group>"; };
		0AEBE5952C7FFBD00051DE14 /* CategoryView.swift */ = {isa = PBXFileReference; fileEncoding = 4; lastKnownFileType = sourcecode.swift; path = CategoryView.swift; sourceTree = "<group>"; };
		0AEBE5962C7FFBD00051DE14 /* RewardsCardView.swift */ = {isa = PBXFileReference; fileEncoding = 4; lastKnownFileType = sourcecode.swift; path = RewardsCardView.swift; sourceTree = "<group>"; };
		0AEBE5972C7FFBD00051DE14 /* RewardsView.swift */ = {isa = PBXFileReference; fileEncoding = 4; lastKnownFileType = sourcecode.swift; path = RewardsView.swift; sourceTree = "<group>"; };
		0AEBE5992C7FFBD00051DE14 /* MainView.swift */ = {isa = PBXFileReference; fileEncoding = 4; lastKnownFileType = sourcecode.swift; path = MainView.swift; sourceTree = "<group>"; };
		0AEBE59B2C7FFBD10051DE14 /* ErrorView.swift */ = {isa = PBXFileReference; fileEncoding = 4; lastKnownFileType = sourcecode.swift; path = ErrorView.swift; sourceTree = "<group>"; };
		0AEBE5A22C7FFBD10051DE14 /* CardView.swift */ = {isa = PBXFileReference; fileEncoding = 4; lastKnownFileType = sourcecode.swift; path = CardView.swift; sourceTree = "<group>"; };
		0AEBE5A32C7FFBD10051DE14 /* DetailEditView.swift */ = {isa = PBXFileReference; fileEncoding = 4; lastKnownFileType = sourcecode.swift; path = DetailEditView.swift; sourceTree = "<group>"; };
		0AEBE5A42C7FFBD10051DE14 /* DetailView.swift */ = {isa = PBXFileReference; fileEncoding = 4; lastKnownFileType = sourcecode.swift; path = DetailView.swift; sourceTree = "<group>"; };
		0AEBE5A52C7FFBD10051DE14 /* NewCreditCard.swift */ = {isa = PBXFileReference; fileEncoding = 4; lastKnownFileType = sourcecode.swift; path = NewCreditCard.swift; sourceTree = "<group>"; };
		0AEBE5A62C7FFBD10051DE14 /* WalletView.swift */ = {isa = PBXFileReference; fileEncoding = 4; lastKnownFileType = sourcecode.swift; path = WalletView.swift; sourceTree = "<group>"; };
/* End PBXFileReference section */

/* Begin PBXFrameworksBuildPhase section */
		0AEBE5712C7FFA0B0051DE14 /* Frameworks */ = {
			isa = PBXFrameworksBuildPhase;
			buildActionMask = 2147483647;
			files = (
			);
			runOnlyForDeploymentPostprocessing = 0;
		};
/* End PBXFrameworksBuildPhase section */

/* Begin PBXGroup section */
		0AEBE56B2C7FFA0B0051DE14 = {
			isa = PBXGroup;
			children = (
				0AEBE5762C7FFA0B0051DE14 /* SwipeSmart */,
				0AEBE5752C7FFA0B0051DE14 /* Products */,
			);
			sourceTree = "<group>";
		};
		0AEBE5752C7FFA0B0051DE14 /* Products */ = {
			isa = PBXGroup;
			children = (
				0AEBE5742C7FFA0B0051DE14 /* SwipeSmart.app */,
			);
			name = Products;
			sourceTree = "<group>";
		};
		0AEBE5762C7FFA0B0051DE14 /* SwipeSmart */ = {
			isa = PBXGroup;
			children = (
				0AEBE5772C7FFA0B0051DE14 /* SwipeSmartApp.swift */,
				0AEBE5862C7FFB7B0051DE14 /* Views */,
				0AEBE5852C7FFB740051DE14 /* Models */,
				0AEBE57B2C7FFA0D0051DE14 /* Assets.xcassets */,
				0AEBE57D2C7FFA0D0051DE14 /* Preview Content */,
				0A58FF7E2C94EB6600A0295B /* Launch Screen.storyboard */,
			);
			path = SwipeSmart;
			sourceTree = "<group>";
		};
		0AEBE57D2C7FFA0D0051DE14 /* Preview Content */ = {
			isa = PBXGroup;
			children = (
				0AEBE57E2C7FFA0D0051DE14 /* Preview Assets.xcassets */,
			);
			path = "Preview Content";
			sourceTree = "<group>";
		};
		0AEBE5852C7FFB740051DE14 /* Models */ = {
			isa = PBXGroup;
			children = (
				0AEBE58B2C7FFBBF0051DE14 /* CreditCard.swift */,
				0AEBE5882C7FFBBF0051DE14 /* CardStore.swift */,
				0AEBE58A2C7FFBBF0051DE14 /* Category.swift */,
				0AEBE5892C7FFBBF0051DE14 /* CategoryStore.swift */,
				0AEBE5872C7FFBBF0051DE14 /* ErrorWrapper.swift */,
				0A1427CE2C8A530200D48E47 /* Theme.swift */,
			);
			path = Models;
			sourceTree = "<group>";
		};
		0AEBE5862C7FFB7B0051DE14 /* Views */ = {
			isa = PBXGroup;
			children = (
				0AEBE5992C7FFBD00051DE14 /* MainView.swift */,
				0AEBE59B2C7FFBD10051DE14 /* ErrorView.swift */,
				0AEBE5A72C7FFBD10051DE14 /* Cards */,
				0AEBE5982C7FFBD00051DE14 /* Category */,
			);
			path = Views;
			sourceTree = "<group>";
		};
		0AEBE5982C7FFBD00051DE14 /* Category */ = {
			isa = PBXGroup;
			children = (
				0AEBE5942C7FFBD00051DE14 /* CategorySelectorView.swift */,
				0AEBE5952C7FFBD00051DE14 /* CategoryView.swift */,
				0AEBE5972C7FFBD00051DE14 /* RewardsView.swift */,
				0AEBE5962C7FFBD00051DE14 /* RewardsCardView.swift */,
				0A7DF8202C8D36330003F5F5 /* CategoryEditView.swift */,
				0A7DF8222C8E7F130003F5F5 /* AddCategorySheet.swift */,
			);
			path = Category;
			sourceTree = "<group>";
		};
		0AEBE5A72C7FFBD10051DE14 /* Cards */ = {
			isa = PBXGroup;
			children = (
				0AEBE5A62C7FFBD10051DE14 /* WalletView.swift */,
				0AEBE5A22C7FFBD10051DE14 /* CardView.swift */,
				0AEBE5A32C7FFBD10051DE14 /* DetailEditView.swift */,
				0AEBE5A42C7FFBD10051DE14 /* DetailView.swift */,
				0AEBE5A52C7FFBD10051DE14 /* NewCreditCard.swift */,
				0A1427122C8516A300D48E47 /* DatePickerField.swift */,
				0A1427142C85779500D48E47 /* NewRewardView.swift */,
				0A1427162C8634C700D48E47 /* RewardRowView.swift */,
				0A1427D02C8A542D00D48E47 /* ColorView.swift */,
				0A1427D22C8A65DA00D48E47 /* ColorPickerView.swift */,
			);
			path = Cards;
			sourceTree = "<group>";
		};
/* End PBXGroup section */

/* Begin PBXNativeTarget section */
		0AEBE5732C7FFA0B0051DE14 /* SwipeSmart */ = {
			isa = PBXNativeTarget;
			buildConfigurationList = 0AEBE5822C7FFA0D0051DE14 /* Build configuration list for PBXNativeTarget "SwipeSmart" */;
			buildPhases = (
				0AEBE5702C7FFA0B0051DE14 /* Sources */,
				0AEBE5712C7FFA0B0051DE14 /* Frameworks */,
				0AEBE5722C7FFA0B0051DE14 /* Resources */,
			);
			buildRules = (
			);
			dependencies = (
			);
			name = SwipeSmart;
			productName = SwipeSmart;
			productReference = 0AEBE5742C7FFA0B0051DE14 /* SwipeSmart.app */;
			productType = "com.apple.product-type.application";
		};
/* End PBXNativeTarget section */

/* Begin PBXProject section */
		0AEBE56C2C7FFA0B0051DE14 /* Project object */ = {
			isa = PBXProject;
			attributes = {
				BuildIndependentTargetsInParallel = 1;
				LastSwiftUpdateCheck = 1540;
				LastUpgradeCheck = 1540;
				TargetAttributes = {
					0AEBE5732C7FFA0B0051DE14 = {
						CreatedOnToolsVersion = 15.4;
					};
				};
			};
			buildConfigurationList = 0AEBE56F2C7FFA0B0051DE14 /* Build configuration list for PBXProject "SwipeSmart" */;
			compatibilityVersion = "Xcode 14.0";
			developmentRegion = en;
			hasScannedForEncodings = 0;
			knownRegions = (
				en,
				Base,
			);
			mainGroup = 0AEBE56B2C7FFA0B0051DE14;
			productRefGroup = 0AEBE5752C7FFA0B0051DE14 /* Products */;
			projectDirPath = "";
			projectRoot = "";
			targets = (
				0AEBE5732C7FFA0B0051DE14 /* SwipeSmart */,
			);
		};
/* End PBXProject section */

/* Begin PBXResourcesBuildPhase section */
		0AEBE5722C7FFA0B0051DE14 /* Resources */ = {
			isa = PBXResourcesBuildPhase;
			buildActionMask = 2147483647;
			files = (
				0A58FF7F2C94EB6600A0295B /* Launch Screen.storyboard in Resources */,
				0AEBE57F2C7FFA0D0051DE14 /* Preview Assets.xcassets in Resources */,
				0AEBE57C2C7FFA0D0051DE14 /* Assets.xcassets in Resources */,
			);
			runOnlyForDeploymentPostprocessing = 0;
		};
/* End PBXResourcesBuildPhase section */

/* Begin PBXSourcesBuildPhase section */
		0AEBE5702C7FFA0B0051DE14 /* Sources */ = {
			isa = PBXSourcesBuildPhase;
			buildActionMask = 2147483647;
			files = (
				0AEBE5AA2C7FFBD10051DE14 /* CategorySelectorView.swift in Sources */,
				0AEBE5BB2C7FFBD10051DE14 /* WalletView.swift in Sources */,
				0A1427D12C8A542D00D48E47 /* ColorView.swift in Sources */,
				0A1427152C85779600D48E47 /* NewRewardView.swift in Sources */,
				0A7DF8232C8E7F130003F5F5 /* AddCategorySheet.swift in Sources */,
				0AEBE5B92C7FFBD10051DE14 /* DetailView.swift in Sources */,
				0AEBE5AE2C7FFBD10051DE14 /* MainView.swift in Sources */,
				0AEBE5BA2C7FFBD10051DE14 /* NewCreditCard.swift in Sources */,
				0A1427CF2C8A530200D48E47 /* Theme.swift in Sources */,
				0A7DF8212C8D36330003F5F5 /* CategoryEditView.swift in Sources */,
				0AEBE5AD2C7FFBD10051DE14 /* RewardsView.swift in Sources */,
				0A1427132C8516A300D48E47 /* DatePickerField.swift in Sources */,
				0AEBE5912C7FFBBF0051DE14 /* CreditCard.swift in Sources */,
				0AEBE58E2C7FFBBF0051DE14 /* CardStore.swift in Sources */,
				0A1427172C8634C700D48E47 /* RewardRowView.swift in Sources */,
				0A1427D32C8A65DB00D48E47 /* ColorPickerView.swift in Sources */,
				0AEBE5902C7FFBBF0051DE14 /* Category.swift in Sources */,
				0AEBE5AB2C7FFBD10051DE14 /* CategoryView.swift in Sources */,
				0AEBE5AC2C7FFBD10051DE14 /* RewardsCardView.swift in Sources */,
				0AEBE5B02C7FFBD10051DE14 /* ErrorView.swift in Sources */,
				0AEBE58F2C7FFBBF0051DE14 /* CategoryStore.swift in Sources */,
				0AEBE5B82C7FFBD10051DE14 /* DetailEditView.swift in Sources */,
				0AEBE58D2C7FFBBF0051DE14 /* ErrorWrapper.swift in Sources */,
				0AEBE5B72C7FFBD10051DE14 /* CardView.swift in Sources */,
				0AEBE5782C7FFA0B0051DE14 /* SwipeSmartApp.swift in Sources */,
			);
			runOnlyForDeploymentPostprocessing = 0;
		};
/* End PBXSourcesBuildPhase section */

/* Begin XCBuildConfiguration section */
		0AEBE5802C7FFA0D0051DE14 /* Debug */ = {
			isa = XCBuildConfiguration;
			buildSettings = {
				ALWAYS_SEARCH_USER_PATHS = NO;
				ASSETCATALOG_COMPILER_GENERATE_SWIFT_ASSET_SYMBOL_EXTENSIONS = YES;
				CLANG_ANALYZER_NONNULL = YES;
				CLANG_ANALYZER_NUMBER_OBJECT_CONVERSION = YES_AGGRESSIVE;
				CLANG_CXX_LANGUAGE_STANDARD = "gnu++20";
				CLANG_ENABLE_MODULES = YES;
				CLANG_ENABLE_OBJC_ARC = YES;
				CLANG_ENABLE_OBJC_WEAK = YES;
				CLANG_WARN_BLOCK_CAPTURE_AUTORELEASING = YES;
				CLANG_WARN_BOOL_CONVERSION = YES;
				CLANG_WARN_COMMA = YES;
				CLANG_WARN_CONSTANT_CONVERSION = YES;
				CLANG_WARN_DEPRECATED_OBJC_IMPLEMENTATIONS = YES;
				CLANG_WARN_DIRECT_OBJC_ISA_USAGE = YES_ERROR;
				CLANG_WARN_DOCUMENTATION_COMMENTS = YES;
				CLANG_WARN_EMPTY_BODY = YES;
				CLANG_WARN_ENUM_CONVERSION = YES;
				CLANG_WARN_INFINITE_RECURSION = YES;
				CLANG_WARN_INT_CONVERSION = YES;
				CLANG_WARN_NON_LITERAL_NULL_CONVERSION = YES;
				CLANG_WARN_OBJC_IMPLICIT_RETAIN_SELF = YES;
				CLANG_WARN_OBJC_LITERAL_CONVERSION = YES;
				CLANG_WARN_OBJC_ROOT_CLASS = YES_ERROR;
				CLANG_WARN_QUOTED_INCLUDE_IN_FRAMEWORK_HEADER = YES;
				CLANG_WARN_RANGE_LOOP_ANALYSIS = YES;
				CLANG_WARN_STRICT_PROTOTYPES = YES;
				CLANG_WARN_SUSPICIOUS_MOVE = YES;
				CLANG_WARN_UNGUARDED_AVAILABILITY = YES_AGGRESSIVE;
				CLANG_WARN_UNREACHABLE_CODE = YES;
				CLANG_WARN__DUPLICATE_METHOD_MATCH = YES;
				COPY_PHASE_STRIP = NO;
				DEBUG_INFORMATION_FORMAT = dwarf;
				ENABLE_STRICT_OBJC_MSGSEND = YES;
				ENABLE_TESTABILITY = YES;
				ENABLE_USER_SCRIPT_SANDBOXING = YES;
				GCC_C_LANGUAGE_STANDARD = gnu17;
				GCC_DYNAMIC_NO_PIC = NO;
				GCC_NO_COMMON_BLOCKS = YES;
				GCC_OPTIMIZATION_LEVEL = 0;
				GCC_PREPROCESSOR_DEFINITIONS = (
					"DEBUG=1",
					"$(inherited)",
				);
				GCC_WARN_64_TO_32_BIT_CONVERSION = YES;
				GCC_WARN_ABOUT_RETURN_TYPE = YES_ERROR;
				GCC_WARN_UNDECLARED_SELECTOR = YES;
				GCC_WARN_UNINITIALIZED_AUTOS = YES_AGGRESSIVE;
				GCC_WARN_UNUSED_FUNCTION = YES;
				GCC_WARN_UNUSED_VARIABLE = YES;
				IPHONEOS_DEPLOYMENT_TARGET = 17.5;
				LOCALIZATION_PREFERS_STRING_CATALOGS = YES;
				MTL_ENABLE_DEBUG_INFO = INCLUDE_SOURCE;
				MTL_FAST_MATH = YES;
				ONLY_ACTIVE_ARCH = YES;
				SDKROOT = iphoneos;
				SWIFT_ACTIVE_COMPILATION_CONDITIONS = "DEBUG $(inherited)";
				SWIFT_OPTIMIZATION_LEVEL = "-Onone";
			};
			name = Debug;
		};
		0AEBE5812C7FFA0D0051DE14 /* Release */ = {
			isa = XCBuildConfiguration;
			buildSettings = {
				ALWAYS_SEARCH_USER_PATHS = NO;
				ASSETCATALOG_COMPILER_GENERATE_SWIFT_ASSET_SYMBOL_EXTENSIONS = YES;
				CLANG_ANALYZER_NONNULL = YES;
				CLANG_ANALYZER_NUMBER_OBJECT_CONVERSION = YES_AGGRESSIVE;
				CLANG_CXX_LANGUAGE_STANDARD = "gnu++20";
				CLANG_ENABLE_MODULES = YES;
				CLANG_ENABLE_OBJC_ARC = YES;
				CLANG_ENABLE_OBJC_WEAK = YES;
				CLANG_WARN_BLOCK_CAPTURE_AUTORELEASING = YES;
				CLANG_WARN_BOOL_CONVERSION = YES;
				CLANG_WARN_COMMA = YES;
				CLANG_WARN_CONSTANT_CONVERSION = YES;
				CLANG_WARN_DEPRECATED_OBJC_IMPLEMENTATIONS = YES;
				CLANG_WARN_DIRECT_OBJC_ISA_USAGE = YES_ERROR;
				CLANG_WARN_DOCUMENTATION_COMMENTS = YES;
				CLANG_WARN_EMPTY_BODY = YES;
				CLANG_WARN_ENUM_CONVERSION = YES;
				CLANG_WARN_INFINITE_RECURSION = YES;
				CLANG_WARN_INT_CONVERSION = YES;
				CLANG_WARN_NON_LITERAL_NULL_CONVERSION = YES;
				CLANG_WARN_OBJC_IMPLICIT_RETAIN_SELF = YES;
				CLANG_WARN_OBJC_LITERAL_CONVERSION = YES;
				CLANG_WARN_OBJC_ROOT_CLASS = YES_ERROR;
				CLANG_WARN_QUOTED_INCLUDE_IN_FRAMEWORK_HEADER = YES;
				CLANG_WARN_RANGE_LOOP_ANALYSIS = YES;
				CLANG_WARN_STRICT_PROTOTYPES = YES;
				CLANG_WARN_SUSPICIOUS_MOVE = YES;
				CLANG_WARN_UNGUARDED_AVAILABILITY = YES_AGGRESSIVE;
				CLANG_WARN_UNREACHABLE_CODE = YES;
				CLANG_WARN__DUPLICATE_METHOD_MATCH = YES;
				COPY_PHASE_STRIP = NO;
				DEBUG_INFORMATION_FORMAT = "dwarf-with-dsym";
				ENABLE_NS_ASSERTIONS = NO;
				ENABLE_STRICT_OBJC_MSGSEND = YES;
				ENABLE_USER_SCRIPT_SANDBOXING = YES;
				GCC_C_LANGUAGE_STANDARD = gnu17;
				GCC_NO_COMMON_BLOCKS = YES;
				GCC_WARN_64_TO_32_BIT_CONVERSION = YES;
				GCC_WARN_ABOUT_RETURN_TYPE = YES_ERROR;
				GCC_WARN_UNDECLARED_SELECTOR = YES;
				GCC_WARN_UNINITIALIZED_AUTOS = YES_AGGRESSIVE;
				GCC_WARN_UNUSED_FUNCTION = YES;
				GCC_WARN_UNUSED_VARIABLE = YES;
				IPHONEOS_DEPLOYMENT_TARGET = 17.5;
				LOCALIZATION_PREFERS_STRING_CATALOGS = YES;
				MTL_ENABLE_DEBUG_INFO = NO;
				MTL_FAST_MATH = YES;
				SDKROOT = iphoneos;
				SWIFT_COMPILATION_MODE = wholemodule;
				VALIDATE_PRODUCT = YES;
			};
			name = Release;
		};
		0AEBE5832C7FFA0D0051DE14 /* Debug */ = {
			isa = XCBuildConfiguration;
			buildSettings = {
				ASSETCATALOG_COMPILER_APPICON_NAME = AppIcon;
				ASSETCATALOG_COMPILER_GLOBAL_ACCENT_COLOR_NAME = AccentColor;
				CODE_SIGN_STYLE = Automatic;
				CURRENT_PROJECT_VERSION = 1;
				DEVELOPMENT_ASSET_PATHS = "\"SwipeSmart/Preview Content\"";
				DEVELOPMENT_TEAM = 2HM77Y3S7U;
				ENABLE_PREVIEWS = YES;
				GENERATE_INFOPLIST_FILE = YES;
				INFOPLIST_FILE = SwipeSmart/Info.plist;
				INFOPLIST_KEY_CFBundleDisplayName = "Swipe-Smart";
				INFOPLIST_KEY_LSApplicationCategoryType = "public.app-category.finance";
				INFOPLIST_KEY_UIApplicationSceneManifest_Generation = YES;
				INFOPLIST_KEY_UIApplicationSupportsIndirectInputEvents = YES;
				INFOPLIST_KEY_UISupportedInterfaceOrientations = UIInterfaceOrientationPortrait;
				INFOPLIST_KEY_UISupportedInterfaceOrientations_iPad = "UIInterfaceOrientationLandscapeLeft UIInterfaceOrientationLandscapeRight UIInterfaceOrientationPortrait UIInterfaceOrientationPortraitUpsideDown";
				LD_RUNPATH_SEARCH_PATHS = (
					"$(inherited)",
					"@executable_path/Frameworks",
				);
				MARKETING_VERSION = 1.0;
				PRODUCT_BUNDLE_IDENTIFIER = com.williamwong.SwipeSmart;
				PRODUCT_NAME = "$(TARGET_NAME)";
				SWIFT_EMIT_LOC_STRINGS = YES;
				SWIFT_VERSION = 5.0;
				TARGETED_DEVICE_FAMILY = "1,2";
			};
			name = Debug;
		};
		0AEBE5842C7FFA0D0051DE14 /* Release */ = {
			isa = XCBuildConfiguration;
			buildSettings = {
				ASSETCATALOG_COMPILER_APPICON_NAME = AppIcon;
				ASSETCATALOG_COMPILER_GLOBAL_ACCENT_COLOR_NAME = AccentColor;
				CODE_SIGN_STYLE = Automatic;
				CURRENT_PROJECT_VERSION = 1;
				DEVELOPMENT_ASSET_PATHS = "\"SwipeSmart/Preview Content\"";
				DEVELOPMENT_TEAM = 2HM77Y3S7U;
				ENABLE_PREVIEWS = YES;
				GENERATE_INFOPLIST_FILE = YES;
				INFOPLIST_FILE = SwipeSmart/Info.plist;
				INFOPLIST_KEY_CFBundleDisplayName = "Swipe-Smart";
				INFOPLIST_KEY_LSApplicationCategoryType = "public.app-category.finance";
				INFOPLIST_KEY_UIApplicationSceneManifest_Generation = YES;
				INFOPLIST_KEY_UIApplicationSupportsIndirectInputEvents = YES;
				INFOPLIST_KEY_UILaunchStoryboardName = "Launch Screen.storyboard";
				INFOPLIST_KEY_UISupportedInterfaceOrientations = UIInterfaceOrientationPortrait;
				INFOPLIST_KEY_UISupportedInterfaceOrientations_iPad = "UIInterfaceOrientationLandscapeLeft UIInterfaceOrientationLandscapeRight UIInterfaceOrientationPortrait UIInterfaceOrientationPortraitUpsideDown";
				LD_RUNPATH_SEARCH_PATHS = (
					"$(inherited)",
					"@executable_path/Frameworks",
				);
				MARKETING_VERSION = 1.0;
				PRODUCT_BUNDLE_IDENTIFIER = com.williamwong.SwipeSmart;
				PRODUCT_NAME = "$(TARGET_NAME)";
				SWIFT_EMIT_LOC_STRINGS = YES;
				SWIFT_VERSION = 5.0;
				TARGETED_DEVICE_FAMILY = "1,2";
			};
			name = Release;
		};
/* End XCBuildConfiguration section */

/* Begin XCConfigurationList section */
		0AEBE56F2C7FFA0B0051DE14 /* Build configuration list for PBXProject "SwipeSmart" */ = {
			isa = XCConfigurationList;
			buildConfigurations = (
				0AEBE5802C7FFA0D0051DE14 /* Debug */,
				0AEBE5812C7FFA0D0051DE14 /* Release */,
			);
			defaultConfigurationIsVisible = 0;
			defaultConfigurationName = Release;
		};
		0AEBE5822C7FFA0D0051DE14 /* Build configuration list for PBXNativeTarget "SwipeSmart" */ = {
			isa = XCConfigurationList;
			buildConfigurations = (
				0AEBE5832C7FFA0D0051DE14 /* Debug */,
				0AEBE5842C7FFA0D0051DE14 /* Release */,
			);
			defaultConfigurationIsVisible = 0;
			defaultConfigurationName = Release;
		};
/* End XCConfigurationList section */
	};
	rootObject = 0AEBE56C2C7FFA0B0051DE14 /* Project object */;
}
